
Microsoft Visual Studio Solution File, Format Version 12.00
# Visual Studio Version 17
VisualStudioVersion = 17.7.34024.191
MinimumVisualStudioVersion = 10.0.40219.1
Project("{FAE04EC0-301F-11D3-BF4B-00C04F79EFBC}") = "HotelReserveAppServer", "HotelReserveAppServer\HotelReserveAppServer.csproj", "{D8831453-4D06-4C2A-B0E4-ADB726FAB0CA}"
EndProject
Project("{FAE04EC0-301F-11D3-BF4B-00C04F79EFBC}") = "HotelReserveAppWF", "HotelReserveAppWF\HotelReserveAppWF.csproj", "{1AAD0857-65B9-4A1B-A047-244811B19205}"
EndProject
Global
	GlobalSection(SolutionConfigurationPlatforms) = preSolution
		Debug|Any CPU = Debug|Any CPU
		Release|Any CPU = Release|Any CPU
	EndGlobalSection
	GlobalSection(ProjectConfigurationPlatforms) = postSolution
		{D8831453-4D06-4C2A-B0E4-ADB726FAB0CA}.Debug|Any CPU.ActiveCfg = Debug|Any CPU
		{D8831453-4D06-4C2A-B0E4-ADB726FAB0CA}.Debug|Any CPU.Build.0 = Debug|Any CPU
		{D8831453-4D06-4C2A-B0E4-ADB726FAB0CA}.Release|Any CPU.ActiveCfg = Release|Any CPU
		{D8831453-4D06-4C2A-B0E4-ADB726FAB0CA}.Release|Any CPU.Build.0 = Release|Any CPU
		{1AAD0857-65B9-4A1B-A047-244811B19205}.Debug|Any CPU.ActiveCfg = Debug|Any CPU
		{1AAD0857-65B9-4A1B-A047-244811B19205}.Debug|Any CPU.Build.0 = Debug|Any CPU
		{1AAD0857-65B9-4A1B-A047-244811B19205}.Release|Any CPU.ActiveCfg = Release|Any CPU
		{1AAD0857-65B9-4A1B-A047-244811B19205}.Release|Any CPU.Build.0 = Release|Any CPU
	EndGlobalSection
	GlobalSection(SolutionProperties) = preSolution
		HideSolutionNode = FALSE
	EndGlobalSection
	GlobalSection(ExtensibilityGlobals) = postSolution
		SolutionGuid = {E4AA4E0B-3253-4BE8-896B-712A6F7CE7D9}
	EndGlobalSection
EndGlobal
